{
    "_meta": {
        "hash": {
            "sha256": "6f4dcc9758ef189e2c13970758f6662369c044473b15a7a8e510627c1c887333"
        },
        "pipfile-spec": 6,
        "requires": {
            "python_version": "3.13"
        },
        "sources": [
            {
                "name": "pypi",
                "url": "https://pypi.org/simple",
                "verify_ssl": false
            }
        ]
    },
    "default": {
        "hassil": {
            "hashes": [
                "sha256:87b2a48164b2de1d693edbe4204b3a7c3b72dc7c5c3829774de8824ecc62ab96",
                "sha256:bed39573626d76bfc0681a709a6b64e4de82a680371bd29238473f6711392597"
            ],
            "index": "pypi",
            "markers": "python_full_version >= '3.9.0'",
            "version": "==3.5.0"
        },
        "homeassistant": {
            "hashes": [
                "sha256:b42f629c10a5d28062ef9527810139677b41daee7e6b1c1af20c0bb185e529c4",
                "sha256:c157b9fecca3f3bf01de8ed05a0436c0e12c6ddcaf1560ff54c829a24d52c0e4"
            ],
            "index": "pypi",
            "markers": "python_full_version >= '3.13.2'",
            "version": "==2025.12.4"
        },
        "pluggy": {
            "hashes": [
                "sha256:7dcc130b76258d33b90f61b658791dede3486c3e6bfb003ee5c9bfb396dd22f3",
                "sha256:e920276dd6813095e9377c0bc5566d94c932c33b27a3e3945d8389c374dd4746"
            ],
            "index": "pypi",
            "markers": "python_version >= '3.9'",
            "version": "==1.6.0"
        },
        "pysmartthings": {
            "hashes": [
                "sha256:56d67703bbf0b823e2ece8fd4e852d4d82b3dcb052fa0521bc5ca2b8d72f4692",
                "sha256:7b7b479786aab4a424a8e49ed9f411b1624446493439ba2153eda6e5848f841d"
            ],
            "index": "pypi",
            "markers": "python_version >= '3.12' and python_version < '4.0'",
            "version": "==3.5.1"
        },
        "webrtcvad": {
            "hashes": [
                "sha256:f1bed2fb25b63fb7b1a55d64090c993c9c9167b28485ae0bcdd81cf6ede96aea"
            ],
            "index": "pypi",
            "version": "==2.0.10"
        }
    },
    "develop": {
        "aresponses": {
            "hashes": [
                "sha256:8093ab4758eb4aba91c765a50295b269ecfc0a9e7c7158954760bc0c23503970",
                "sha256:8731d0609fe4c954e21f17753dc868dca9e2e002b020a33dc9212004599b11e7"
            ],
            "index": "pypi",
            "markers": "python_version >= '3.7'",
            "version": "==3.0.0"
        },
        "astroid": {
            "hashes": [
                "sha256:0d778ec0def05b935e198412e62f9bcca8b3b5c39fdbe50b0ba074005e477aab",
                "sha256:37ab2f107d14dc173412327febf6c78d39590fdafcb44868f03b6c03452e3db0"
            ],
            "index": "pypi",
            "markers": "python_full_version >= '3.10.0'",
            "version": "==4.0.1"
        },
        "asynctest": {
            "hashes": [
                "sha256:5da6118a7e6d6b54d83a8f7197769d046922a44d2a99c21382f0a6e4fadae676",
                "sha256:c27862842d15d83e6a34eb0b2866c323880eb3a75e4485b079ea11748fd77fac"
            ],
            "index": "pypi",
            "markers": "python_version >= '3.5'",
            "version": "==0.13.0"
        },
        "coverage": {
            "hashes": [
                "sha256:073711de3181b2e204e4870ac83a7c4853115b42e9cd4d145f2231e12d670930",
                "sha256:081b98395ced0d9bcf60ada7661a0b75f36b78b9d7e39ea0790bb4ed8da14747",
                "sha256:0de434f4fbbe5af4fa7989521c655c8c779afb61c53ab561b64dcee6149e4c65",
                "sha256:0e93b1476b79eae849dc3872faeb0bf7948fd9ea34869590bc16a2a00b9c82a7",
                "sha256:0f3f56e4cb573755e96a16501a98bf211f100463d70275759e73f3cbc00d4f27",
                "sha256:0f7cb359a448e043c576f0da00aa8bfd796a01b06aa610ca453d4dde09cc1034",
                "sha256:10356fdd33a7cc06e8051413140bbdc6f972137508a3572e3f59f805cd2832fd",
                "sha256:137921f2bac5559334ba66122b753db6dc5d1cf01eb7b64eb412bb0d064ef35b",
                "sha256:160c00a5e6b6bdf4e5984b0ef21fc860bc94416c41b7df4d63f536d17c38902e",
                "sha256:2195f8e16ba1a44651ca684db2ea2b2d4b5345da12f07d9c22a395202a05b23c",
                "sha256:282b1b20f45df57cc508c1e033403f02283adfb67d4c9c35a90281d81e5c52c5",
                "sha256:28395ca3f71cd103b8c116333fa9db867f3a3e1ad6a084aa3725ae002b6583bc",
                "sha256:2904271c80898663c810a6b067920a61dd8d38341244a3605bd31ab55250dad5",
                "sha256:2b38261034fda87be356f2c3f42221fdb4171c3ce7658066ae449241485390d5",
                "sha256:2e4c33e6378b9d52d3454bd08847a8651f4ed23ddbb4a0520227bd346382bbc6",
                "sha256:388d80e56191bf846c485c14ae2bc8898aa3124d9d35903fef7d907780477634",
                "sha256:3e23dd5408fe71a356b41baa82892772a4cefcf758f2ca3383d2aa39e1b7a003",
                "sha256:3fb99d0786fe17b228eab663d16bee2288e8724d26a199c29325aac4b0319b9b",
                "sha256:441c357d55f4936875636ef2cfb3bee36e466dcf50df9afbd398ce79dba1ebb7",
                "sha256:4cec13817a651f8804a86e4f79d815b3b28472c910e099e4d5a0e8a3b6a1d4cb",
                "sha256:5aea98383463d6e1fa4e95416d8de66f2d0cb588774ee20ae1b28df826bcb619",
                "sha256:5b15a87265e96307482746d86995f4bff282f14b027db75469c446da6127433b",
                "sha256:5b2dd6059938063a2c9fee1af729d4f2af28fd1a545e9b7652861f0d752ebcea",
                "sha256:5e75e37f23eb144e78940b40395b42f2321951206a4f50e23cfd6e8a198d3ceb",
                "sha256:6008a021907be8c4c02f37cdc3ffb258493bdebfeaf9a839f9e71dfdc47b018e",
                "sha256:61c950fc33d29c91b9e18540e1aed7d9f6787cc870a3e4032493bbbe641d12fc",
                "sha256:628055297f3e2aa181464c3808402887643405573eb3d9de060d81531fa79d32",
                "sha256:675824a363cc05781b1527b39dc2587b8984965834a748177ee3c37b64ffeafb",
                "sha256:689920ecfd60f992cafca4f5477d55720466ad2c7fa29bb56ac8d44a1ac2b47a",
                "sha256:692d70ea725f471a547c305f0d0fc6a73480c62fb0da726370c088ab21aed282",
                "sha256:6937347c5d7d069ee776b2bf4e1212f912a9f1f141a429c475e6089462fcecc5",
                "sha256:6b3039e2ca459a70c79523d39347d83b73f2f06af5624905eba7ec34d64d80b5",
                "sha256:6e31b8155150c57e5ac43ccd289d079eb3f825187d7c66e755a055d2c85794c6",
                "sha256:70e7bfbd57126b5554aa482691145f798d7df77489a177a6bef80de78860a356",
                "sha256:752a3005a1ded28f2f3a6e8787e24f28d6abe176ca64677bcd8d53d6fe2ec08a",
                "sha256:7d79dabc0a56f5af990cc6da9ad1e40766e82773c075f09cc571e2076fef882e",
                "sha256:7eb68d356ba0cc158ca535ce1381dbf2037fa8cb5b1ae5ddfc302e7317d04144",
                "sha256:80b1695cf7c5ebe7b44bf2521221b9bb8cdf69b1f24231149a7e3eb1ae5fa2fb",
                "sha256:851430a9a361c7a8484a36126d1d0ff8d529d97385eacc8dfdc9bfc8c2d2cbe4",
                "sha256:856986eadf41f52b214176d894a7de05331117f6035a28ac0016c0f63d887629",
                "sha256:86b9b59f2b16e981906e9d6383eb6446d5b46c278460ae2c36487667717eccf1",
                "sha256:8953746d371e5695405806c46d705a3cd170b9cc2b9f93953ad838f6c1e58612",
                "sha256:8cdbe264f11afd69841bd8c0d83ca10b5b32853263ee62e6ac6a0ab63895f972",
                "sha256:8dd5af36092430c2b075cee966719898f2ae87b636cefb85a653f1d0ba5d5393",
                "sha256:8e0c38dc289e0508ef68ec95834cb5d2e96fdbe792eaccaa1bccac3966bbadcc",
                "sha256:90558c35af64971d65fbd935c32010f9a2f52776103a259f1dee865fe8259352",
                "sha256:90cb5b1a4670662719591aa92d0095bb41714970c0b065b02a2610172dbf0af6",
                "sha256:92be86fcb125e9bda0da7806afd29a3fd33fdf58fba5d60318399adf40bf37d0",
                "sha256:92c4ecf6bf11b2e85fd4d8204814dc26e6a19f0c9d938c207c5cb0eadfcabbe3",
                "sha256:95d91d7317cde40a1c249d6b7382750b7e6d86fad9d8eaf4fa3f8f44cf171e80",
                "sha256:961834e2f2b863a0e14260a9a273aff07ff7818ab6e66d2addf5628590c628f9",
                "sha256:9702b59d582ff1e184945d8b501ffdd08d2cee38d93a2206aa5f1365ce0b8d78",
                "sha256:98cede73eb83c31e2118ae8d379c12e3e42736903a8afcca92a7218e1f2903b0",
                "sha256:99c4283e2a0e147b9c9cc6bc9c96124de9419d6044837e9799763a0e29a7321a",
                "sha256:99e1a305c7765631d74b98bf7dbf54eeea931f975e80f115437d23848ee8c27c",
                "sha256:a517feaf3a0a3eca1ee985d8373135cfdedfbba3882a5eab4362bda7c7cf518d",
                "sha256:a80f7aef9535442bdcf562e5a0d5a5538ce8abe6bb209cfbf170c462ac2c2a32",
                "sha256:ac765b026c9f33044419cbba1da913cfb82cca1b60598ac1c7a5ed6aac4621a0",
                "sha256:acf36b8268785aad739443fa2780c16260ee3fa09d12b3a70f772ef100939d80",
                "sha256:adec1d980fa07e60b6ef865f9e5410ba760e4e1d26f60f7e5772c73b9a5b0713",
                "sha256:b0353b0f0850d49ada66fdd7d0c7cdb0f86b900bb9e367024fd14a60cecc1e27",
                "sha256:b37201ce4a458c7a758ecc4efa92fa8ed783c66e0fa3c42ae19fc454a0792153",
                "sha256:bf9a19f5012dab774628491659646335b1928cfc931bf8d97b0d5918dd58033c",
                "sha256:c61fc91ab80b23f5fddbee342d19662f3d3328173229caded831aa0bd7595460",
                "sha256:c68018e4fc4e14b5668f1353b41ccf4bc83ba355f0e1b3836861c6f042d89ac1",
                "sha256:c706db3cabb7ceef779de68270150665e710b46d56372455cd741184f3868d8f",
                "sha256:c83f6afb480eae0313114297d29d7c295670a41c11b274e6bca0c64540c1ce7b",
                "sha256:c8a3ec16e34ef980a46f60dc6ad86ec60f763c3f2fa0db6d261e6e754f72e945",
                "sha256:c9a8b7a34a4de3ed987f636f71881cd3b8339f61118b1aa311fbda12741bff0b",
                "sha256:cd4b2b0707fc55afa160cd5fc33b27ccbf75ca11d81f4ec9863d5793fc6df56a",
                "sha256:d6b9ae13d5d3e8aeca9ca94198aa7b3ebbc5acfada557d724f2a1f03d2c0b0df",
                "sha256:d8fd7879082953c156d5b13c74aa6cca37f6a6f4747b39538504c3f9c63d043d",
                "sha256:d9369a23186d189b2fc95cc08b8160ba242057e887d766864f7adf3c46b2df21",
                "sha256:db4a1d897bbbe7339946ffa2fe60c10cc81c43fab8b062d3fcb84188688174a4",
                "sha256:df4ec1f8540b0bcbe26ca7dd0f541847cc8a108b35596f9f91f59f0c060bfdd2",
                "sha256:e132b9152749bd33534e5bd8565c7576f135f157b4029b975e15ee184325f528",
                "sha256:e3fb1fa01d3598002777dd259c0c2e6d9d5e10e7222976fc8e03992f972a2cba",
                "sha256:e41be6f0f19da64af13403e52f2dec38bbc2937af54df8ecef10850ff8d35301",
                "sha256:ec98435796d2624d6905820a42f82149ee9fc4f2d45c2c5bc5a44481cc50db62",
                "sha256:efeda443000aa23f276f4df973cb82beca682fd800bb119d19e80504ffe53ec2",
                "sha256:f2a6a8e06bbda06f78739f40bfb56c45d14eb8249d0f0ea6d4b3d48e1f7c695d",
                "sha256:f32ff80e7ef6a5b5b606ea69a36e97b219cd9dc799bcf2963018a4d8f788cfbf",
                "sha256:f35ed9d945bece26553d5b4c8630453169672bea0050a564456eb88bdffd927e",
                "sha256:f644a3ae5933a552a29dbb9aa2f90c677a875f80ebea028e5a52a4f429044b90",
                "sha256:f863c08f4ff6b64fa8045b1e3da480f5374779ef187f07b82e0538c68cb4ff8e",
                "sha256:fc53ba868875bfbb66ee447d64d6413c2db91fddcfca57025a0e7ab5b07d5862",
                "sha256:ff8a991f70f4c0cf53088abf1e3886edcc87d53004c7bb94e78650b4d3dac3b5",
                "sha256:ffea0575345e9ee0144dfe5701aa17f3ba546f8c3bb48db62ae101afb740e7d6"
            ],
            "index": "pypi",
            "markers": "python_version >= '3.9'",
            "version": "==7.10.6"
        },
        "freezegun": {
            "hashes": [
                "sha256:5aaf3ba229cda57afab5bd311f0108d86b6fb119ae89d2cd9c43ec8c1733c85b",
                "sha256:a54ae1d2f9c02dbf42e02c18a3ab95ab4295818b549a34dac55592d72a905181"
            ],
            "index": "pypi",
            "markers": "python_version >= '3.8'",
            "version": "==1.5.2"
        },
        "license-expression": {
            "hashes": [
                "sha256:49f439fea91c4d1a642f9f2902b58db1d42396c5e331045f41ce50df9b40b1f2",
                "sha256:fd3db53418133e0eef917606623bc125fbad3d1225ba8d23950999ee87c99280"
            ],
            "index": "pypi",
            "markers": "python_version >= '3.9'",
            "version": "==30.4.3"
        },
        "mock-open": {
            "hashes": [
                "sha256:c3ecb6b8c32a5899a4f5bf4495083b598b520c698bba00e1ce2ace6e9c239100"
            ],
            "index": "pypi",
            "version": "==1.4.0"
        },
        "mypy-dev": {
            "hashes": [
                "sha256:00ad9b700d0e4188c62a335a2c1999a34516d40c9b341c29330463151b3ad219",
                "sha256:1493606b6ac8e217da95e2cd5312a251b01d4bf95e71603450162b0149a4a615",
                "sha256:1524ec88d46389147dcab995247daa8b91e92c03e7751d297e57b1c0803cdfbe",
                "sha256:35189e6a55f50ea1f92794b6cf16ab34148e9b025c8a517dd8e323b07efa7790",
                "sha256:4323cadcb3559c1fd02e8e956b9652d32e9f86bcb82c3ed2376de8c90eb5db28",
                "sha256:43a2109be331566d8af20949e910df4c377efc38ce82dcd5312feec84c2d0c50",
                "sha256:452f66d91c0a8e141ce493367b6ae1db881291491d5cc3c12f3147d20c87d342",
                "sha256:46ebd84a3e25a33319e3f4cb21c072e3c900464af00db43f281c4b00005ef43b",
                "sha256:4dd04da77b2f67e8bbbd59774e86f0d47ea69ecb025862e926c77315b396ba4e",
                "sha256:4eb66357c9f2b499e582aa2cca1ad4ef20890624229ea09bc0cae1adcaf55c2d",
                "sha256:5435d0dc59d4aff6e667d72b8a33036ac6b204cf87fdbc3ab5eff081d671f650",
                "sha256:5f3b203e8fe7aacbee3df6a88eb47462396e6bf7ddce5e24e9b79fc34f0b4897",
                "sha256:60be8c23d6a22c72dc940cd10669ab6c1f3241d13e53c09f4218afb34838e336",
                "sha256:78fcd4742487cb434aa4a109aef9bbbb92d35992db27cd7c4e6f5d626a6cadf4",
                "sha256:7c789b821f55915af09edf1e77c83f9c4c8e1a9518509952da8579ee56167630",
                "sha256:7e9daaa0b91a77b8e78a69eb7238e33d488584b47f0e38e8129ed47446064ec3",
                "sha256:7f621b01e910f9319ed806c1460b066f00ae6abe08dd95fa30de4099b097c90c",
                "sha256:8350abe9cb9613e92f614210c1368f0580c2494d6c653ea3a12b1c3275841d42",
                "sha256:86cbe8190933b6a7de4c8f27a21b9c6b84f3f9118f8cfc6f3f9b110da063e4fc",
                "sha256:8dbd3488d10a41fcccb5b69ae13a31064be729f460365c0fb18b5650dc445eee",
                "sha256:91a8dcc4a8ad8a5f92e06a7f1b9a8996f777af0a7870fde73bcde96386f73680",
                "sha256:97535022441db341f625f85d895ea95fd9c93d32146e35886a69b9519826e7fd",
                "sha256:9d21f3ca2410f4693e9598397939fe13cda9cd8ddb58d9f59553ae221fd44085",
                "sha256:9eba9e56bd7bfd6feac0fc1f4b65432fef6671f52855a424696f6d3a8d676177",
                "sha256:a9300eb1fac9ad956680a243ecc36a86435df7988e34eba0cb95c5ffe756e788",
                "sha256:b884e684a926afcd4b9e6647da0815db3c8e0205b681f3c872967dc17b52ca85",
                "sha256:bcc5f75d04645668db74059bf7a4fbf980d4c42423c9e98b281f8724833a65ff",
                "sha256:c33dcb9cba44849354269cd5e70cf665177f1a883ee0fe49412c4f287b7ef9b4",
                "sha256:c48edbd2228099fce7d0b6f73484da4bf0702a0e56a7b13be01c1c7de82fab79",
                "sha256:e8a2087485740e2872e99694652a0068b707a0c11d42213d3656acb311c3763a",
                "sha256:ec23c8766a03f8f5c990646fbc775c04ec7afdb6373fdf5885fc9c1b68b5b3e0",
                "sha256:ed019c5e30b2df5c0ef808d1045cb5ef498b227b560aa38b3d129721efd8b6b0"
            ],
            "index": "pypi",
            "markers": "python_version >= '3.9'",
            "version": "==1.19.0a4"
        },
        "pipdeptree": {
            "hashes": [
                "sha256:3849d62a2ed641256afac3058c4f9b85ac4a47e9d8c991ee17a8f3d230c5cffb",
                "sha256:92a8f37ab79235dacb46af107e691a1309ca4a429315ba2a1df97d1cd56e27ac"
            ],
            "index": "pypi",
            "markers": "python_version >= '3.9'",
            "version": "==2.26.1"
        },
        "pre-commit": {
            "hashes": [
                "sha256:601283b9757afd87d40c4c4a9b2b5de9637a8ea02eaff7adc2d0fb4e04841146",
                "sha256:a009ca7205f1eb497d10b845e52c838a98b6cdd2102a6c8e4540e94ee75c58bd"
            ],
            "index": "pypi",
            "markers": "python_version >= '3.9'",
            "version": "==4.2.0"
        },
        "pydantic": {
            "hashes": [
                "sha256:25ff718ee909acd82f1ff9b1a4acfd781bb23ab3739adaa7144f19a6a4e231ae",
                "sha256:7b8fa15b831a4bbde9d5b84028641ac3080a4ca2cbd4a621a661687e741624fd"
            ],
            "index": "pypi",
            "markers": "python_version >= '3.9'",
            "version": "==2.12.2"
        },
        "pydantic-core": {
            "hashes": [
                "sha256:025ba34a4cf4fb32f917d5d188ab5e702223d3ba603be4d8aca2f82bede432a4",
                "sha256:09c2a60e55b357284b5f31f5ab275ba9f7f70b7525e18a132ec1f9160b4f1f03",
                "sha256:0c19cb355224037c83642429b8ce261ae108e1c5fbf5c028bac63c77b0f8646e",
                "sha256:0cf2a1f599efe57fa0051312774280ee0f650e11152325e41dfd3018ef2c1b57",
                "sha256:0f184d657fa4947ae5ec9c47bd7e917730fa1cbb78195037e32dcbab50aca5ee",
                "sha256:15dd504af121caaf2c95cb90c0ebf71603c53de98305621b94da0f967e572def",
                "sha256:170ee6835f6c71081d031ef1c3b4dc4a12b9efa6a9540f93f95b82f3c7571ae8",
                "sha256:19f3684868309db5263a11bace3c45d93f6f24afa2ffe75a647583df22a2ff89",
                "sha256:1affa4798520b148d7182da0615d648e752de4ab1a9566b7471bc803d88a062d",
                "sha256:1b65077a4693a98b90ec5ad8f203ad65802a1b9b6d4a7e48066925a7e1606706",
                "sha256:1cae8851e174c83633f0833e90636832857297900133705ee158cf79d40f03e6",
                "sha256:1e5ab4fc177dd41536b3c32b2ea11380dd3d4619a385860621478ac2d25ceb00",
                "sha256:1ed810568aeffed3edc78910af32af911c835cc39ebbfacd1f0ab5dd53028e5c",
                "sha256:2442d9a4d38f3411f22eb9dd0912b7cbf4b7d5b6c92c4173b75d3e1ccd84e36e",
                "sha256:26895a4268ae5a2849269f4991cdc97236e4b9c010e51137becf25182daac405",
                "sha256:285b643d75c0e30abda9dc1077395624f314a37e3c09ca402d4015ef5979f1a2",
                "sha256:28ff11666443a1a8cf2a044d6a545ebffa8382b5f7973f22c36109205e65dc80",
                "sha256:2dfe3aa529c8f501babf6e502936b9e8d4698502b2cfab41e17a028d91b1ac7b",
                "sha256:304c54176af2c143bd181d82e77c15c41cbacea8872a2225dd37e6544dce9999",
                "sha256:30a9876226dda131a741afeab2702e2d127209bde3c65a2b8133f428bc5d006b",
                "sha256:31a41030b1d9ca497634092b46481b937ff9397a86f9f51bd41c4767b6fc04af",
                "sha256:3619320641fd212aaf5997b6ca505e97540b7e16418f4a241f44cdf108ffb50d",
                "sha256:37e516bca9264cbf29612539801ca3cd5d1be465f940417b002905e6ed79d38a",
                "sha256:3a926768ea49a8af4d36abd6a8968b8790f7f76dd7cbd5a4c180db2b4ac9a3a2",
                "sha256:3a95d4590b1f1a43bf33ca6d647b990a88f4a3824a8c4572c708f0b45a5290ed",
                "sha256:3adf61415efa6ce977041ba9745183c0e1f637ca849773afa93833e04b163feb",
                "sha256:3d88d0054d3fa11ce936184896bed3c1c5441d6fa483b498fac6a5d0dd6f64a9",
                "sha256:3f1ea6f48a045745d0d9f325989d8abd3f1eaf47dd00485912d1a3a63c623a8d",
                "sha256:44e7625332683b6c1c8b980461475cde9595eff94447500e80716db89b0da005",
                "sha256:491535d45cd7ad7e4a2af4a5169b0d07bebf1adfd164b0368da8aa41e19907a5",
                "sha256:4a9ab037b71927babc6d9e7fc01aea9e66dc2a4a34dff06ef0724a4049629f94",
                "sha256:4c973add636efc61de22530b2ef83a65f39b6d6f656df97f678720e20de26caa",
                "sha256:4f5d640aeebb438517150fdeec097739614421900e4a08db4a3ef38898798537",
                "sha256:523e7da4d43b113bf8e7b49fa4ec0c35bf4fe66b2230bfc5c13cc498f12c6c3e",
                "sha256:54d86c0cada6aba4ec4c047d0e348cbad7063b87ae0f005d9f8c9ad04d4a92a2",
                "sha256:557a0aab88664cc552285316809cab897716a372afaf8efdbef756f8b890e894",
                "sha256:5729225de81fb65b70fdb1907fcf08c75d498f4a6f15af005aabb1fdadc19dfa",
                "sha256:5a28fcedd762349519276c36634e71853b4541079cab4acaaac60c4421827308",
                "sha256:5b66584e549e2e32a1398df11da2e0a7eff45d5c2d9db9d5667c5e6ac764d77e",
                "sha256:5cf90535979089df02e6f17ffd076f07237efa55b7343d98760bde8743c4b265",
                "sha256:61760c3925d4633290292bad462e0f737b840508b4f722247d8729684f6539ae",
                "sha256:62637c769dee16eddb7686bf421be48dfc2fae93832c25e25bc7242e698361ba",
                "sha256:6273ea2c8ffdac7b7fda2653c49682db815aebf4a89243a6feccf5e36c18c347",
                "sha256:646e76293345954acea6966149683047b7b2ace793011922208c8e9da12b0062",
                "sha256:664b3199193262277b8b3cd1e754fb07f2c6023289c815a1e1e8fb415cb247b1",
                "sha256:66c529f862fdba70558061bb936fe00ddbaaa0c647fd26e4a4356ef1d6561891",
                "sha256:6916b9b7d134bff5440098a4deb80e4cb623e68974a87883299de9124126c2a8",
                "sha256:692c622c8f859a17c156492783902d8370ac7e121a611bd6fe92cc71acf9ee8d",
                "sha256:6c1fe4c5404c448b13188dd8bd2ebc2bdd7e6727fa61ff481bcc2cca894018da",
                "sha256:6c9024169becccf0cb470ada03ee578d7348c119a0d42af3dcf9eda96e3a247c",
                "sha256:6cb9cf7e761f4f8a8589a45e49ed3c0d92d1d696a45a6feaee8c904b26efc2db",
                "sha256:6d55fb8b1e8929b341cc313a81a26e0d48aa3b519c1dbaadec3a6a2b4fcad025",
                "sha256:6e0fc40d84448f941df9b3334c4b78fe42f36e3bf631ad54c3047a0cdddc2514",
                "sha256:70e47929a9d4a1905a67e4b687d5946026390568a8e952b92824118063cee4d5",
                "sha256:711156b6afb5cb1cb7c14a2cc2c4a8b4c717b69046f13c6b332d8a0a8f41ca3e",
                "sha256:7533c76fa647fade2d7ec75ac5cc079ab3f34879626dae5689b27790a6cf5a5c",
                "sha256:7b2a054a8725f05b4b6503357e0ac1c4e8234ad3b0c2ac130d6ffc66f0e170e2",
                "sha256:7b74e18052fea4aa8dea2fb7dbc23d15439695da6cbe6cfc1b694af1115df09d",
                "sha256:82df1f432b37d832709fbcc0e24394bba04a01b6ecf1ee87578145c19cde12ac",
                "sha256:833eebfd75a26d17470b58768c1834dfc90141b7afc6eb0429c21fc5a21dcfb8",
                "sha256:84d8854db5f55fead3b579f04bda9a36461dab0730c5d570e1526483e7bb8431",
                "sha256:85e050ad9e5f6fe1004eec65c914332e52f429bc0ae12d6fa2092407a462c746",
                "sha256:94dab0940b0d1fb28bcab847adf887c66a27a40291eedf0b473be58761c9799a",
                "sha256:98f348cbb44fae6e9653c1055db7e29de67ea6a9ca03a5fa2c2e11a47cff0e47",
                "sha256:9be1c01adb2ecc4e464392c36d17f97e9110fbbc906bcbe1c943b5b87a74aabd",
                "sha256:a1351f5bbdbbabc689727cb91649a00cb9ee7203e0a6e54e9f5ba9e22e384b84",
                "sha256:a1b2cfec3879afb742a7b0bcfa53e4f22ba96571c9e54d6a3afe1052d17d843b",
                "sha256:a238dd3feee263eeaeb7dc44aea4ba1364682c4f9f9467e6af5596ba322c2332",
                "sha256:a26d950449aae348afe1ac8be5525a00ae4235309b729ad4d3399623125b43c9",
                "sha256:a44ac1738591472c3d020f61c6df1e4015180d6262ebd39bf2aeb52571b60f12",
                "sha256:a870c307bf1ee91fc58a9a61338ff780d01bfae45922624816878dce784095d2",
                "sha256:a8c2e340d7e454dc3340d3d2e8f23558ebe78c98aa8f68851b04dcb7bc37abdc",
                "sha256:ab06d77e053d660a6faaf04894446df7b0a7e7aba70c2797465a0a1af00fc887",
                "sha256:b0d9db5a161c99375a0c68c058e227bee1d89303300802601d76a3d01f74e258",
                "sha256:b1eb1754fce47c63d2ff57fdb88c351a6c0150995890088b33767a10218eaa4e",
                "sha256:b568af94267729d76e6ee5ececda4e283d07bbb28e8148bb17adad93d025d25a",
                "sha256:b69d1973354758007f46cf2d44a4f3d0933f10b6dc9bf15cf1356e037f6f731a",
                "sha256:b9f5f30c402ed58f90c70e12eff65547d3ab74685ffe8283c719e6bead8ef53f",
                "sha256:bd8a5028425820731d8c6c098ab642d7b8b999758e24acae03ed38a66eca8335",
                "sha256:c173ddcd86afd2535e2b695217e82191580663a1d1928239f877f5a1649ef39f",
                "sha256:c4d1e854aaf044487d31143f541f7aafe7b482ae72a022c664b2de2e466ed0ad",
                "sha256:c53ff33e603a9c1179a9364b0a24694f183717b2e0da2b5ad43c316c956901b2",
                "sha256:ca2322da745bf2eeb581fc9ea3bbb31147702163ccbcbf12a3bb630e4bf05e1d",
                "sha256:ca4df25762cf71308c446e33c9b1fdca2923a3f13de616e2a949f38bf21ff5a8",
                "sha256:cc8e85a63085a137d286e2791037f5fdfff0aabb8b899483ca9c496dd5797338",
                "sha256:d081a1f3800f05409ed868ebb2d74ac39dd0c1ff6c035b5162356d76030736d4",
                "sha256:d175600d975b7c244af6eb9c9041f10059f20b8bbffec9e33fdd5ee3f67cdc42",
                "sha256:d1e2906efb1031a532600679b424ef1d95d9f9fb507f813951f23320903adbd7",
                "sha256:d25e97bc1f5f8f7985bdc2335ef9e73843bb561eb1fa6831fdfc295c1c2061cf",
                "sha256:d34f950ae05a83e0ede899c595f312ca976023ea1db100cd5aa188f7005e3ab0",
                "sha256:d405d14bea042f166512add3091c1af40437c2e7f86988f3915fabd27b1e9cd2",
                "sha256:d55bbac04711e2980645af68b97d445cdbcce70e5216de444a6c4b6943ebcccd",
                "sha256:d682cf1d22bab22a5be08539dca3d1593488a99998f9f412137bc323179067ff",
                "sha256:d72f2b5e6e82ab8f94ea7d0d42f83c487dc159c5240d8f83beae684472864e2d",
                "sha256:d95b253b88f7d308b1c0b417c4624f44553ba4762816f94e6986819b9c273fb2",
                "sha256:dd96e5d15385d301733113bcaa324c8bcf111275b7675a9c6e88bfb19fc05e3b",
                "sha256:de2cfbb09e88f0f795fd90cf955858fc2c691df65b1f21f0aa00b99f3fbc661d",
                "sha256:de7c42f897e689ee6f9e93c4bec72b99ae3b32a2ade1c7e4798e690ff5246e02",
                "sha256:df649916b81822543d1c8e0e1d079235f68acdc7d270c911e8425045a8cfc57e",
                "sha256:e04e2f7f8916ad3ddd417a7abdd295276a0bf216993d9318a5d61cc058209166",
                "sha256:e1d778fb7849a42d0ee5927ab0f7453bf9f85eef8887a546ec87db5ddb178945",
                "sha256:e4dab9484ec605c3016df9ad4fd4f9a390bc5d816a3b10c6550f8424bb80b18c",
                "sha256:e6ab5ab30ef325b443f379ddb575a34969c333004fca5a1daa0133a6ffaad616",
                "sha256:e7393f1d64792763a48924ba31d1e44c2cfbc05e3b1c2c9abb4ceeadd912cced",
                "sha256:e8cd3577c796be7231dcf80badcf2e0835a46665eaafd8ace124d886bab4d700",
                "sha256:e9205d97ed08a82ebb9a307e92914bb30e18cdf6f6b12ca4bedadb1588a0bfe1",
                "sha256:eae547b7315d055b0de2ec3965643b0ab82ad0106a7ffd29615ee9f266a02827",
                "sha256:ec22626a2d14620a83ca583c6f5a4080fa3155282718b6055c2ea48d3ef35970",
                "sha256:eca1124aced216b2500dc2609eade086d718e8249cb9696660ab447d50a758bd",
                "sha256:ecde6dedd6fff127c273c76821bb754d793be1024bc33314a120f83a3c69460c",
                "sha256:ed97fd56a561f5eb5706cebe94f1ad7c13b84d98312a05546f2ad036bafe87f4",
                "sha256:ef9ee5471edd58d1fcce1c80ffc8783a650e3e3a193fe90d52e43bb4d87bff1f",
                "sha256:f52679ff4218d713b3b33f88c89ccbf3a5c2c12ba665fb80ccc4192b4608dbab",
                "sha256:f8e49c9c364a7edcbe2a310f12733aad95b022495ef2a8d653f645e5d20c1564",
                "sha256:f9672ab4d398e1b602feadcffcdd3af44d5f5e6ddc15bc7d15d376d47e8e19f8",
                "sha256:fc3b4c5a1fd3a311563ed866c2c9b62da06cb6398bee186484ce95c820db71cb",
                "sha256:fc3b4cc4539e055cfa39a3763c939f9d409eb40e85813257dcd761985a108554"
            ],
            "index": "pypi",
            "markers": "python_version >= '3.9'",
            "version": "==2.41.4"
        },
        "pylint": {
            "hashes": [
                "sha256:06db6a1fda3cedbd7aee58f09d241e40e5f14b382fd035ed97be320f11728a84",
                "sha256:6077ac21d01b7361eae6ed0f38d9024c02732fdc635d9e154d4fe6063af8ac56"
            ],
            "index": "pypi",
            "markers": "python_full_version >= '3.10.0'",
            "version": "==4.0.1"
        },
        "pylint-per-file-ignores": {
            "hashes": [
                "sha256:0cd82d22551738b4e63a0aa1dab2a1fc4016e8f27f1429159616483711e122fd",
                "sha256:c0de7b3d0169571aefaa1ac3a82a265641b8825b54a0b6f5ef27c3b76b988609"
            ],
            "index": "pypi",
            "markers": "python_full_version >= '3.8.1' and python_full_version < '4.0.0'",
            "version": "==1.4.0"
        },
        "pytest": {
            "hashes": [
                "sha256:8f44522eafe4137b0f35c9ce3072931a788a21ee40a2ed279e817d3cc16ed21e",
                "sha256:e5ccdf10b0bac554970ee88fc1a4ad0ee5d221f8ef22321f9b7e4584e19d7f96"
            ],
            "index": "pypi",
            "markers": "python_version >= '3.10'",
            "version": "==9.0.0"
        },
        "pytest-aiohttp": {
            "hashes": [
                "sha256:147de8cb164f3fc9d7196967f109ab3c0b93ea3463ab50631e56438eab7b5adc",
                "sha256:f39a11693a0dce08dd6c542d241e199dd8047a6e6596b2bcfa60d373f143456d"
            ],
            "index": "pypi",
            "markers": "python_version >= '3.9'",
            "version": "==1.1.0"
        },
        "pytest-asyncio": {
            "hashes": [
                "sha256:611e26147c7f77640e6d0a92a38ed17c3e9848063698d5c93d5aa7aa11cebff5",
                "sha256:d7f52f36d231b80ee124cd216ffb19369aa168fc10095013c6b014a34d3ee9e5"
            ],
            "index": "pypi",
            "markers": "python_version >= '3.10'",
            "version": "==1.3.0"
        },
        "pytest-cov": {
            "hashes": [
                "sha256:33c97eda2e049a0c5298e91f519302a1334c26ac65c1a483d6206fd458361af1",
                "sha256:3b8e9558b16cc1479da72058bdecf8073661c7f57f7d3c5f22a1c23507f2d861"
            ],
            "index": "pypi",
            "markers": "python_version >= '3.9'",
            "version": "==7.0.0"
        },
        "pytest-freezer": {
            "hashes": [
                "sha256:21bf16bc9cc46bf98f94382c4b5c3c389be7056ff0be33029111ae11b3f1c82a",
                "sha256:8b6c50523b7d4aec4590b52bfa5ff766d772ce506e2bf4846c88041ea9ccae59"
            ],
            "index": "pypi",
            "markers": "python_version >= '3.6'",
            "version": "==0.4.9"
        },
        "pytest-github-actions-annotate-failures": {
            "hashes": [
                "sha256:41ea558ba10c332c0bfc053daeee0c85187507b2034e990f21e4f7e5fef044cf",
                "sha256:d4c3177c98046c3900a7f8ddebb22ea54b9f6822201b5d3ab8fcdea51e010db7"
            ],
            "index": "pypi",
            "markers": "python_version >= '3.8'",
            "version": "==0.3.0"
        },
        "pytest-picked": {
            "hashes": [
                "sha256:6634c4356a560a5dc3dba35471865e6eb06bbd356b56b69c540593e9d5620ded",
                "sha256:af65c4763b51dc095ae4bc5073a962406902422ad9629c26d8b01122b677d998"
            ],
            "index": "pypi",
            "markers": "python_version >= '3.8'",
            "version": "==0.5.1"
        },
        "pytest-socket": {
            "hashes": [
                "sha256:71ab048cbbcb085c15a4423b73b619a8b35d6a307f46f78ea46be51b1b7e11b3",
                "sha256:7e0f4642177d55d317bbd58fc68c6bd9048d6eadb2d46a89307fa9221336ce45"
            ],
            "index": "pypi",
            "markers": "python_version >= '3.8' and python_version < '4.0'",
            "version": "==0.7.0"
        },
        "pytest-sugar": {
            "hashes": [
                "sha256:6422e83258f5b0c04ce7c632176c7732cab5fdb909cb39cca5c9139f81276c0a",
                "sha256:70ebcd8fc5795dc457ff8b69d266a4e2e8a74ae0c3edc749381c64b5246c8dfd"
            ],
            "index": "pypi",
            "version": "==1.0.0"
        },
        "pytest-timeout": {
            "hashes": [
                "sha256:7e68e90b01f9eff71332b25001f85c75495fc4e3a836701876183c4bcfd0540a",
                "sha256:c42667e5cdadb151aeb5b26d114aff6bdf5a907f176a007a30b940d3d865b5c2"
            ],
            "index": "pypi",
            "markers": "python_version >= '3.7'",
            "version": "==2.4.0"
        },
        "pytest-unordered": {
            "hashes": [
                "sha256:0f953a438db00a9f6f99a0f4727f2d75e72dd93319b3d548a97ec9db4903a44f",
                "sha256:486b26d24a2d3b879a275c3d16d14eda1bd9c32aafddbb17b98ac755daba7584"
            ],
            "index": "pypi",
            "version": "==0.7.0"
        },
        "pytest-xdist": {
            "hashes": [
                "sha256:202ca578cfeb7370784a8c33d6d05bc6e13b4f25b5053c30a152269fd10f0b88",
                "sha256:7e578125ec9bc6050861aa93f2d59f1d8d085595d6551c2c90b6f4fad8d3a9f1"
            ],
            "index": "pypi",
            "markers": "python_version >= '3.9'",
            "version": "==3.8.0"
        },
        "requests-mock": {
            "hashes": [
                "sha256:b1e37054004cdd5e56c84454cc7df12b25f90f382159087f4b6915aaeef39563",
                "sha256:e9e12e333b525156e82a3c852f22016b9158220d2f47454de9cae8a77d371401"
            ],
            "index": "pypi",
            "markers": "python_version >= '3.5'",
            "version": "==1.12.1"
        },
        "respx": {
            "hashes": [
                "sha256:3c8924caa2a50bd71aefc07aa812f2466ff489f1848c96e954a5362d17095d91",
                "sha256:631128d4c9aba15e56903fb5f66fb1eff412ce28dd387ca3a81339e52dbd3ad0"
            ],
            "index": "pypi",
            "markers": "python_version >= '3.8'",
            "version": "==0.22.0"
        },
        "syrupy": {
            "hashes": [
                "sha256:3282fe963fa5d4d3e47231b16d1d4d0f4523705e8199eeb99a22a1bc9f5942f2",
                "sha256:c848e1a980ca52a28715cd2d2b4d434db424699c05653bd1158fb31cf56e9546"
            ],
            "index": "pypi",
            "markers": "python_version >= '3.10'",
            "version": "==5.0.0"
        },
        "tqdm": {
            "hashes": [
                "sha256:26445eca388f82e72884e0d580d5464cd801a3ea01e63e5601bdff9ba6a48de2",
                "sha256:f8aef9c52c08c13a65f30ea34f4e5aac3fd1a34959879d7e59e63027286627f2"
            ],
            "index": "pypi",
            "markers": "python_version >= '3.7'",
            "version": "==4.67.1"
        },
        "types-aiofiles": {
            "hashes": [
                "sha256:0ec8f8909e1a85a5a79aed0573af7901f53120dd2a29771dd0b3ef48e12328b0",
                "sha256:9ab90d8e0c307fe97a7cf09338301e3f01a163e39f3b529ace82466355c84a7b"
            ],
            "index": "pypi",
            "markers": "python_version >= '3.9'",
            "version": "==24.1.0.20250822"
        },
        "types-atomicwrites": {
            "hashes": [
                "sha256:2f1febbdc78b55453b189fa5b136dce34bab7d1d82319163d470e404aab55c83",
                "sha256:9e9f0923ebf93524b28bcece5a23ac8c3820f39b060df29f671936d2e4bc04bc"
            ],
            "index": "pypi",
            "version": "==1.4.5.1"
        },
        "types-beautifulsoup4": {
            "hashes": [
                "sha256:57ce9e75717b63c390fd789c787d267a67eb01fa6d800a03b9bdde2e877ed1eb",
                "sha256:f083d8edcbd01279f8c3995b56cfff2d01f1bb894c3b502ba118d36fbbc495bf"
            ],
            "index": "pypi",
            "markers": "python_version >= '3.9'",
            "version": "==4.12.0.20250204"
        },
        "types-caldav": {
            "hashes": [
                "sha256:0d997b1cc24780243f6661a7dca4480a97abd9c1e6fcc4bc0e39f9f43084398f",
                "sha256:9a6b102dca737b02312fedec85c9c04ccf365dc27329d52344bc8e0a732d88c7"
            ],
            "index": "pypi",
            "markers": "python_version >= '3.9'",
            "version": "==1.3.0.20250516"
        },
        "types-chardet": {
            "hashes": [
                "sha256:a91a7d45d1eb7d924a9d39e09ae1eccf2cb0a6e35d2d6ea0517ae5feb53caea9",
                "sha256:de5c417b74d7e4d645f6fd83a59dce79198ad3e6380f8fde64d7a80c988b63c2"
            ],
            "index": "pypi",
            "version": "==0.1.5"
        },
        "types-croniter": {
            "hashes": [
                "sha256:c829295d4d65eaddcfafec905b0fbab59e72c3c91ee934a4d504dcafad79ff95",
                "sha256:d9f53f3e837eb6af509e2090fd2f5bb29b38425dd78f77d7b3bf37ccd2b2bf93"
            ],
            "index": "pypi",
            "markers": "python_version >= '3.9'",
            "version": "==6.0.0.20250809"
        },
        "types-decorator": {
            "hashes": [
                "sha256:1b89bb1c481a1d3399e28f1aa3459366b76dde951490992ae8475ba91287cd04",
                "sha256:6bfd5f4464f444a1ee0aea92705ed8466d74c0ddd7ade4bbd003c235db51d21a"
            ],
            "index": "pypi",
            "markers": "python_version >= '3.9'",
            "version": "==5.1.8.20250121"
        },
        "types-pexpect": {
            "hashes": [
                "sha256:69e5fed6199687a730a572de780a5749248a4c5df2ff1521e194563475c9928d",
                "sha256:7fa43cb96042ac58bc74f7c28e5d85782be0ee01344149886849e9d90936fe8a"
            ],
            "index": "pypi",
            "markers": "python_version >= '3.9'",
            "version": "==4.9.0.20250916"
        },
        "types-pillow": {
            "hashes": [
                "sha256:559fb52a2ef991c326e4a0d20accb3bb63a7ba8d40eb493e0ecb0310ba52f0d3",
                "sha256:d9dab025aba07aeb12fd50a6799d4eac52a9603488eca09d7662543983f16c5d"
            ],
            "index": "pypi",
            "markers": "python_version >= '3.8'",
            "version": "==10.2.0.20240822"
        },
        "types-protobuf": {
            "hashes": [
                "sha256:c2105326d0a52de3d33b84af0010d834ebbd4c17c50ff261fa82551ab75d9559",
                "sha256:cfc24977c0f38cf2896d918a59faed7650eb983be6070343a6204ac8ac0a297e"
            ],
            "index": "pypi",
            "markers": "python_version >= '3.9'",
            "version": "==6.30.2.20250914"
        },
        "types-psutil": {
            "hashes": [
                "sha256:60d696200ddae28677e7d88cdebd6e960294e85adefbaafe0f6e5d0e7b4c1963",
                "sha256:adc31de8386d31c61bd4123112fd51e2c700c7502a001cad72a3d56ba6b463d1"
            ],
            "index": "pypi",
            "markers": "python_version >= '3.9'",
            "version": "==7.0.0.20251001"
        },
        "types-pyserial": {
            "hashes": [
                "sha256:334f9f1b5c122dcc3ce6a6142e46450cc80b684032d6ad333362077f191dea23",
                "sha256:627a1965c4b874f8b5851dc88c60896696dfd1af0491836c77a60a633dca0ad4"
            ],
            "index": "pypi",
            "markers": "python_version >= '3.9'",
            "version": "==3.5.0.20251001"
        },
        "types-python-dateutil": {
            "hashes": [
                "sha256:849d52b737e10a6dc6621d2bd7940ec7c65fcb69e6aa2882acf4e56b2b508ddc",
                "sha256:84c92c34bd8e68b117bff742bc00b692a1e8531262d4507b33afcc9f7716cd53"
            ],
            "index": "pypi",
            "markers": "python_version >= '3.9'",
            "version": "==2.9.0.20250822"
        },
        "types-python-slugify": {
            "hashes": [
                "sha256:0efec18b802c69ebd22dcee55c91afaeaa80e1e40ddd66ccabf69fd42ce87b74",
                "sha256:5157b508c7fed587520c70d77f62aea0fafdc6620893c2ec8972f13a1faf5560"
            ],
            "index": "pypi",
            "markers": "python_version >= '3.8'",
            "version": "==8.0.2.20240310"
        },
        "types-pytz": {
            "hashes": [
                "sha256:222e32e6a29bb28871f8834e8785e3801f2dc4441c715cd2082b271eecbe21e5",
                "sha256:4f55ed1b43e925cf851a756fe1707e0f5deeb1976e15bf844bcaa025e8fbd0db"
            ],
            "index": "pypi",
            "markers": "python_version >= '3.9'",
            "version": "==2025.2.0.20250809"
        },
        "types-pyyaml": {
            "hashes": [
                "sha256:0f8b54a528c303f0e6f7165687dd33fafa81c807fcac23f632b63aa624ced1d3",
                "sha256:e7d4d9e064e89a3b3cae120b4990cd370874d2bf12fa5f46c97018dd5d3c9ab6"
            ],
            "index": "pypi",
            "markers": "python_version >= '3.9'",
            "version": "==6.0.12.20250915"
        },
        "types-requests": {
            "hashes": [
                "sha256:78c9c1fffebbe0fa487a418e0fa5252017e9c60d1a2da394077f1780f655d7e1",
                "sha256:abd6d4f9ce3a9383f269775a9835a4c24e5cd6b9f647d64f88aa4613c33def5d"
            ],
            "index": "pypi",
            "markers": "python_version >= '3.9'",
            "version": "==2.32.4.20250913"
        },
        "types-xmltodict": {
            "hashes": [
                "sha256:2acd1bd50e226f4939507165e5bbbd3a3f69718439ba31c142755ce353343ff3",
                "sha256:3a2a97b7c3247251d715452e7bd86b9f0567fb91e407164344c93390d9bbbe88"
            ],
            "index": "pypi",
            "markers": "python_version >= '3.9'",
            "version": "==1.0.1.20250920"
        }
    }
}
